
Microsoft Visual Studio Solution File, Format Version 12.00
# Visual Studio Version 17
VisualStudioVersion = 17.9.34902.65
MinimumVisualStudioVersion = 10.0.40219.1
Project("{FAE04EC0-301F-11D3-BF4B-00C04F79EFBC}") = "FootBallGameSimulator", "FootBallGameSimulator.csproj", "{EE40506F-CE60-4FEF-8C4C-4DCBD97DB087}"
EndProject
Global
	GlobalSection(SolutionConfigurationPlatforms) = preSolution
		Debug|Any CPU = Debug|Any CPU
		Release|Any CPU = Release|Any CPU
	EndGlobalSection
	GlobalSection(ProjectConfigurationPlatforms) = postSolution
		{EE40506F-CE60-4FEF-8C4C-4DCBD97DB087}.Debug|Any CPU.ActiveCfg = Debug|Any CPU
		{EE40506F-CE60-4FEF-8C4C-4DCBD97DB087}.Debug|Any CPU.Build.0 = Debug|Any CPU
		{EE40506F-CE60-4FEF-8C4C-4DCBD97DB087}.Release|Any CPU.ActiveCfg = Release|Any CPU
		{EE40506F-CE60-4FEF-8C4C-4DCBD97DB087}.Release|Any CPU.Build.0 = Release|Any CPU
	EndGlobalSection
	GlobalSection(SolutionProperties) = preSolution
		HideSolutionNode = FALSE
	EndGlobalSection
	GlobalSection(ExtensibilityGlobals) = postSolution
		SolutionGuid = {D9F3A59F-51C1-466D-90E8-F0D69037C98E}
	EndGlobalSection
EndGlobal
